dependencies:
- name: mongodb
  repository: https://charts.bitnami.com/bitnami
  version: 14.4.2
- name: nats
  repository: https://nats-io.github.io/k8s/helm/charts/
  version: 0.19.5
- name: common
  repository: file://../common
  version: 0.2.0
digest: sha256:028869f8713aa79d94ff0f8e24c1737ae58c673953a9ea586ac7dc6f7e20a1dc
generated: "2023-12-10T22:00:30.778569599Z"
