dependencies:
- name: mongodb
  repository: https://charts.bitnami.com/bitnami
  version: 13.6.3
- name: nats
  repository: https://nats-io.github.io/k8s/helm/charts/
  version: 0.19.4
- name: common
  repository: file://../common
  version: 0.1.0
digest: sha256:07abdcd8eb65f3c28a3f096f114d6057694d564752efd2bbc730ebc873a738e7
generated: "2023-01-14T09:57:10.994890948Z"
